
Microsoft Visual Studio Solution File, Format Version 12.00
# Visual Studio Version 16
VisualStudioVersion = 16.0.31321.278
MinimumVisualStudioVersion = 10.0.40219.1
Project("{FAE04EC0-301F-11D3-BF4B-00C04F79EFBC}") = "Interface", "Interface\Interface.csproj", "{3D7F9101-09EE-4797-94DF-AC90340D3FCE}"
EndProject
Project("{FAE04EC0-301F-11D3-BF4B-00C04F79EFBC}") = "Cards", "Cards\Cards.csproj", "{C9ADCCAE-A67B-4012-A307-2F4D6750C422}"
EndProject
Global
	GlobalSection(SolutionConfigurationPlatforms) = preSolution
		Debug|Any CPU = Debug|Any CPU
		Release|Any CPU = Release|Any CPU
	EndGlobalSection
	GlobalSection(ProjectConfigurationPlatforms) = postSolution
		{3D7F9101-09EE-4797-94DF-AC90340D3FCE}.Debug|Any CPU.ActiveCfg = Debug|Any CPU
		{3D7F9101-09EE-4797-94DF-AC90340D3FCE}.Debug|Any CPU.Build.0 = Debug|Any CPU
		{3D7F9101-09EE-4797-94DF-AC90340D3FCE}.Release|Any CPU.ActiveCfg = Release|Any CPU
		{3D7F9101-09EE-4797-94DF-AC90340D3FCE}.Release|Any CPU.Build.0 = Release|Any CPU
		{C9ADCCAE-A67B-4012-A307-2F4D6750C422}.Debug|Any CPU.ActiveCfg = Debug|Any CPU
		{C9ADCCAE-A67B-4012-A307-2F4D6750C422}.Debug|Any CPU.Build.0 = Debug|Any CPU
		{C9ADCCAE-A67B-4012-A307-2F4D6750C422}.Release|Any CPU.ActiveCfg = Release|Any CPU
		{C9ADCCAE-A67B-4012-A307-2F4D6750C422}.Release|Any CPU.Build.0 = Release|Any CPU
	EndGlobalSection
	GlobalSection(SolutionProperties) = preSolution
		HideSolutionNode = FALSE
	EndGlobalSection
	GlobalSection(ExtensibilityGlobals) = postSolution
		SolutionGuid = {0EB00DCA-99B2-486D-9D88-7043B2238DB7}
	EndGlobalSection
EndGlobal
